
Microsoft Visual Studio Solution File, Format Version 12.00
# Visual Studio Version 16
VisualStudioVersion = 16.0.31205.134
MinimumVisualStudioVersion = 10.0.40219.1
Project("{9A19103F-16F7-4668-BE54-9A1E7A4F7556}") = "CoreSite1", "CoreSite1\CoreSite1.csproj", "{7A98F24E-884F-4155-A2F6-91C702095D19}"
EndProject
Global
	GlobalSection(SolutionConfigurationPlatforms) = preSolution
		Debug|Any CPU = Debug|Any CPU
		Release|Any CPU = Release|Any CPU
	EndGlobalSection
	GlobalSection(ProjectConfigurationPlatforms) = postSolution
		{7A98F24E-884F-4155-A2F6-91C702095D19}.Debug|Any CPU.ActiveCfg = Debug|Any CPU
		{7A98F24E-884F-4155-A2F6-91C702095D19}.Debug|Any CPU.Build.0 = Debug|Any CPU
		{7A98F24E-884F-4155-A2F6-91C702095D19}.Release|Any CPU.ActiveCfg = Release|Any CPU
		{7A98F24E-884F-4155-A2F6-91C702095D19}.Release|Any CPU.Build.0 = Release|Any CPU
	EndGlobalSection
	GlobalSection(SolutionProperties) = preSolution
		HideSolutionNode = FALSE
	EndGlobalSection
	GlobalSection(ExtensibilityGlobals) = postSolution
		SolutionGuid = {15FBDA75-26E8-41AF-824D-E29C8A0610BB}
	EndGlobalSection
EndGlobal
